github.com/DjP-iX/hugo-modules v0.0.0-20240320132124-e30e3c38aa64 h1:3VJssao+LYoqU5+GiF45bT0JTc6iVdSqYS1ZWeToV+o=
github.com/DjP-iX/hugo-modules v0.0.0-20240320132124-e30e3c38aa64/go.mod h1:Ah9znIQQipTItr9wJFtF5vKQFx5gOSgLuPIpYboMxPk=
github.com/DjP-iX/hugo-modules v0.0.0-20240320174949-6855a43f12b7 h1:URlIQvDngUBtl81X4VBE2rIo5za9X+PtGFoQLkWTmz8=
github.com/DjP-iX/hugo-modules v0.0.0-20240320174949-6855a43f12b7/go.mod h1:Ah9znIQQipTItr9wJFtF5vKQFx5gOSgLuPIpYboMxPk=
